
Microsoft Visual Studio Solution File, Format Version 12.00
# Visual Studio Version 17
VisualStudioVersion = 17.14.36414.22
MinimumVisualStudioVersion = 10.0.40219.1
Project("{FAE04EC0-301F-11D3-BF4B-00C04F79EFBC}") = "CRM-Jara's_Palm_Beach_Resort", "CRM-Jara's_Palm_Beach_Resort\CRM-Jara's_Palm_Beach_Resort.csproj", "{C3B0CB05-B121-4A87-A70B-4784874B7033}"
EndProject
Project("{FAE04EC0-301F-11D3-BF4B-00C04F79EFBC}") = "Jpbr.WpfWidgets", "Jpbr.WpfWidgets\Jpbr.WpfWidgets.csproj", "{E935BB68-CB26-4CAA-82F8-4CC323B643A5}"
EndProject
Global
	GlobalSection(SolutionConfigurationPlatforms) = preSolution
		Debug|Any CPU = Debug|Any CPU
		Release|Any CPU = Release|Any CPU
	EndGlobalSection
	GlobalSection(ProjectConfigurationPlatforms) = postSolution
		{C3B0CB05-B121-4A87-A70B-4784874B7033}.Debug|Any CPU.ActiveCfg = Debug|Any CPU
		{C3B0CB05-B121-4A87-A70B-4784874B7033}.Debug|Any CPU.Build.0 = Debug|Any CPU
		{C3B0CB05-B121-4A87-A70B-4784874B7033}.Release|Any CPU.ActiveCfg = Release|Any CPU
		{C3B0CB05-B121-4A87-A70B-4784874B7033}.Release|Any CPU.Build.0 = Release|Any CPU
		{E935BB68-CB26-4CAA-82F8-4CC323B643A5}.Debug|Any CPU.ActiveCfg = Debug|Any CPU
		{E935BB68-CB26-4CAA-82F8-4CC323B643A5}.Debug|Any CPU.Build.0 = Debug|Any CPU
		{E935BB68-CB26-4CAA-82F8-4CC323B643A5}.Release|Any CPU.ActiveCfg = Release|Any CPU
		{E935BB68-CB26-4CAA-82F8-4CC323B643A5}.Release|Any CPU.Build.0 = Release|Any CPU
	EndGlobalSection
	GlobalSection(SolutionProperties) = preSolution
		HideSolutionNode = FALSE
	EndGlobalSection
	GlobalSection(ExtensibilityGlobals) = postSolution
		SolutionGuid = {BD499EAF-FCBF-481E-917E-60D822570F4A}
	EndGlobalSection
EndGlobal
